// !$*UTF8*$!
{
	archiveVersion = 1;
	classes = {
	};
	objectVersion = 77;
	objects = {

/* Begin PBXContainerItemProxy section */
		90EA51242CB2EC18002D7A25 /* PBXContainerItemProxy */ = {
			isa = PBXContainerItemProxy;
			containerPortal = 90EA510B2CB2EC17002D7A25 /* Project object */;
			proxyType = 1;
			remoteGlobalIDString = 90EA51122CB2EC17002D7A25;
			remoteInfo = "RickAndMorty-SwiftUI-MVVM";
		};
		90EA512E2CB2EC18002D7A25 /* PBXContainerItemProxy */ = {
			isa = PBXContainerItemProxy;
			containerPortal = 90EA510B2CB2EC17002D7A25 /* Project object */;
			proxyType = 1;
			remoteGlobalIDString = 90EA51122CB2EC17002D7A25;
			remoteInfo = "RickAndMorty-SwiftUI-MVVM";
		};
/* End PBXContainerItemProxy section */

/* Begin PBXFileReference section */
		90EA51132CB2EC17002D7A25 /* RickAndMorty-SwiftUI-MVVM.app */ = {isa = PBXFileReference; explicitFileType = wrapper.application; includeInIndex = 0; path = "RickAndMorty-SwiftUI-MVVM.app"; sourceTree = BUILT_PRODUCTS_DIR; };
		90EA51232CB2EC18002D7A25 /* RickAndMorty-SwiftUI-MVVMTests.xctest */ = {isa = PBXFileReference; explicitFileType = wrapper.cfbundle; includeInIndex = 0; path = "RickAndMorty-SwiftUI-MVVMTests.xctest"; sourceTree = BUILT_PRODUCTS_DIR; };
		90EA512D2CB2EC18002D7A25 /* RickAndMorty-SwiftUI-MVVMUITests.xctest */ = {isa = PBXFileReference; explicitFileType = wrapper.cfbundle; includeInIndex = 0; path = "RickAndMorty-SwiftUI-MVVMUITests.xctest"; sourceTree = BUILT_PRODUCTS_DIR; };
/* End PBXFileReference section */

/* Begin PBXFileSystemSynchronizedRootGroup section */
		90EA51152CB2EC17002D7A25 /* RickAndMorty-SwiftUI-MVVM */ = {
			isa = PBXFileSystemSynchronizedRootGroup;
			path = "RickAndMorty-SwiftUI-MVVM";
			sourceTree = "<group>";
		};
		90EA51262CB2EC18002D7A25 /* RickAndMorty-SwiftUI-MVVMTests */ = {
			isa = PBXFileSystemSynchronizedRootGroup;
			path = "RickAndMorty-SwiftUI-MVVMTests";
			sourceTree = "<group>";
		};
		90EA51302CB2EC18002D7A25 /* RickAndMorty-SwiftUI-MVVMUITests */ = {
			isa = PBXFileSystemSynchronizedRootGroup;
			path = "RickAndMorty-SwiftUI-MVVMUITests";
			sourceTree = "<group>";
		};
/* End PBXFileSystemSynchronizedRootGroup section */

/* Begin PBXFrameworksBuildPhase section */
		90EA51102CB2EC17002D7A25 /* Frameworks */ = {
			isa = PBXFrameworksBuildPhase;
			buildActionMask = 2147483647;
			files = (
			);
			runOnlyForDeploymentPostprocessing = 0;
		};
		90EA51202CB2EC18002D7A25 /* Frameworks */ = {
			isa = PBXFrameworksBuildPhase;
			buildActionMask = 2147483647;
			files = (
			);
			runOnlyForDeploymentPostprocessing = 0;
		};
		90EA512A2CB2EC18002D7A25 /* Frameworks */ = {
			isa = PBXFrameworksBuildPhase;
			buildActionMask = 2147483647;
			files = (
			);
			runOnlyForDeploymentPostprocessing = 0;
		};
/* End PBXFrameworksBuildPhase section */

/* Begin PBXGroup section */
		90EA510A2CB2EC17002D7A25 = {
			isa = PBXGroup;
			children = (
				90EA51152CB2EC17002D7A25 /* RickAndMorty-SwiftUI-MVVM */,
				90EA51262CB2EC18002D7A25 /* RickAndMorty-SwiftUI-MVVMTests */,
				90EA51302CB2EC18002D7A25 /* RickAndMorty-SwiftUI-MVVMUITests */,
				90EA51142CB2EC17002D7A25 /* Products */,
			);
			sourceTree = "<group>";
		};
		90EA51142CB2EC17002D7A25 /* Products */ = {
			isa = PBXGroup;
			children = (
				90EA51132CB2EC17002D7A25 /* RickAndMorty-SwiftUI-MVVM.app */,
				90EA51232CB2EC18002D7A25 /* RickAndMorty-SwiftUI-MVVMTests.xctest */,
				90EA512D2CB2EC18002D7A25 /* RickAndMorty-SwiftUI-MVVMUITests.xctest */,
			);
			name = Products;
			sourceTree = "<group>";
		};
/* End PBXGroup section */

/* Begin PBXNativeTarget section */
		90EA51122CB2EC17002D7A25 /* RickAndMorty-SwiftUI-MVVM */ = {
			isa = PBXNativeTarget;
			buildConfigurationList = 90EA51372CB2EC18002D7A25 /* Build configuration list for PBXNativeTarget "RickAndMorty-SwiftUI-MVVM" */;
			buildPhases = (
				90EA510F2CB2EC17002D7A25 /* Sources */,
				90EA51102CB2EC17002D7A25 /* Frameworks */,
				90EA51112CB2EC17002D7A25 /* Resources */,
			);
			buildRules = (
			);
			dependencies = (
			);
			fileSystemSynchronizedGroups = (
				90EA51152CB2EC17002D7A25 /* RickAndMorty-SwiftUI-MVVM */,
			);
			name = "RickAndMorty-SwiftUI-MVVM";
			packageProductDependencies = (
			);
			productName = "RickAndMorty-SwiftUI-MVVM";
			productReference = 90EA51132CB2EC17002D7A25 /* RickAndMorty-SwiftUI-MVVM.app */;
			productType = "com.apple.product-type.application";
		};
		90EA51222CB2EC18002D7A25 /* RickAndMorty-SwiftUI-MVVMTests */ = {
			isa = PBXNativeTarget;
			buildConfigurationList = 90EA513A2CB2EC18002D7A25 /* Build configuration list for PBXNativeTarget "RickAndMorty-SwiftUI-MVVMTests" */;
			buildPhases = (
				90EA511F2CB2EC18002D7A25 /* Sources */,
				90EA51202CB2EC18002D7A25 /* Frameworks */,
				90EA51212CB2EC18002D7A25 /* Resources */,
			);
			buildRules = (
			);
			dependencies = (
				90EA51252CB2EC18002D7A25 /* PBXTargetDependency */,
			);
			fileSystemSynchronizedGroups = (
				90EA51262CB2EC18002D7A25 /* RickAndMorty-SwiftUI-MVVMTests */,
			);
			name = "RickAndMorty-SwiftUI-MVVMTests";
			packageProductDependencies = (
			);
			productName = "RickAndMorty-SwiftUI-MVVMTests";
			productReference = 90EA51232CB2EC18002D7A25 /* RickAndMorty-SwiftUI-MVVMTests.xctest */;
			productType = "com.apple.product-type.bundle.unit-test";
		};
		90EA512C2CB2EC18002D7A25 /* RickAndMorty-SwiftUI-MVVMUITests */ = {
			isa = PBXNativeTarget;
			buildConfigurationList = 90EA513D2CB2EC18002D7A25 /* Build configuration list for PBXNativeTarget "RickAndMorty-SwiftUI-MVVMUITests" */;
			buildPhases = (
				90EA51292CB2EC18002D7A25 /* Sources */,
				90EA512A2CB2EC18002D7A25 /* Frameworks */,
				90EA512B2CB2EC18002D7A25 /* Resources */,
			);
			buildRules = (
			);
			dependencies = (
				90EA512F2CB2EC18002D7A25 /* PBXTargetDependency */,
			);
			fileSystemSynchronizedGroups = (
				90EA51302CB2EC18002D7A25 /* RickAndMorty-SwiftUI-MVVMUITests */,
			);
			name = "RickAndMorty-SwiftUI-MVVMUITests";
			packageProductDependencies = (
			);
			productName = "RickAndMorty-SwiftUI-MVVMUITests";
			productReference = 90EA512D2CB2EC18002D7A25 /* RickAndMorty-SwiftUI-MVVMUITests.xctest */;
			productType = "com.apple.product-type.bundle.ui-testing";
		};
/* End PBXNativeTarget section */

/* Begin PBXProject section */
		90EA510B2CB2EC17002D7A25 /* Project object */ = {
			isa = PBXProject;
			attributes = {
				BuildIndependentTargetsInParallel = 1;
				LastSwiftUpdateCheck = 1600;
				LastUpgradeCheck = 1600;
				TargetAttributes = {
					90EA51122CB2EC17002D7A25 = {
						CreatedOnToolsVersion = 16.0;
					};
					90EA51222CB2EC18002D7A25 = {
						CreatedOnToolsVersion = 16.0;
						TestTargetID = 90EA51122CB2EC17002D7A25;
					};
					90EA512C2CB2EC18002D7A25 = {
						CreatedOnToolsVersion = 16.0;
						TestTargetID = 90EA51122CB2EC17002D7A25;
					};
				};
			};
			buildConfigurationList = 90EA510E2CB2EC17002D7A25 /* Build configuration list for PBXProject "RickAndMorty-SwiftUI-MVVM" */;
			developmentRegion = en;
			hasScannedForEncodings = 0;
			knownRegions = (
				en,
				Base,
			);
			mainGroup = 90EA510A2CB2EC17002D7A25;
			minimizedProjectReferenceProxies = 1;
			preferredProjectObjectVersion = 77;
			productRefGroup = 90EA51142CB2EC17002D7A25 /* Products */;
			projectDirPath = "";
			projectRoot = "";
			targets = (
				90EA51122CB2EC17002D7A25 /* RickAndMorty-SwiftUI-MVVM */,
				90EA51222CB2EC18002D7A25 /* RickAndMorty-SwiftUI-MVVMTests */,
				90EA512C2CB2EC18002D7A25 /* RickAndMorty-SwiftUI-MVVMUITests */,
			);
		};
/* End PBXProject section */

/* Begin PBXResourcesBuildPhase section */
		90EA51112CB2EC17002D7A25 /* Resources */ = {
			isa = PBXResourcesBuildPhase;
			buildActionMask = 2147483647;
			files = (
			);
			runOnlyForDeploymentPostprocessing = 0;
		};
		90EA51212CB2EC18002D7A25 /* Resources */ = {
			isa = PBXResourcesBuildPhase;
			buildActionMask = 2147483647;
			files = (
			);
			runOnlyForDeploymentPostprocessing = 0;
		};
		90EA512B2CB2EC18002D7A25 /* Resources */ = {
			isa = PBXResourcesBuildPhase;
			buildActionMask = 2147483647;
			files = (
			);
			runOnlyForDeploymentPostprocessing = 0;
		};
/* End PBXResourcesBuildPhase section */

/* Begin PBXSourcesBuildPhase section */
		90EA510F2CB2EC17002D7A25 /* Sources */ = {
			isa = PBXSourcesBuildPhase;
			buildActionMask = 2147483647;
			files = (
			);
			runOnlyForDeploymentPostprocessing = 0;
		};
		90EA511F2CB2EC18002D7A25 /* Sources */ = {
			isa = PBXSourcesBuildPhase;
			buildActionMask = 2147483647;
			files = (
			);
			runOnlyForDeploymentPostprocessing = 0;
		};
		90EA51292CB2EC18002D7A25 /* Sources */ = {
			isa = PBXSourcesBuildPhase;
			buildActionMask = 2147483647;
			files = (
			);
			runOnlyForDeploymentPostprocessing = 0;
		};
/* End PBXSourcesBuildPhase section */

/* Begin PBXTargetDependency section */
		90EA51252CB2EC18002D7A25 /* PBXTargetDependency */ = {
			isa = PBXTargetDependency;
			target = 90EA51122CB2EC17002D7A25 /* RickAndMorty-SwiftUI-MVVM */;
			targetProxy = 90EA51242CB2EC18002D7A25 /* PBXContainerItemProxy */;
		};
		90EA512F2CB2EC18002D7A25 /* PBXTargetDependency */ = {
			isa = PBXTargetDependency;
			target = 90EA51122CB2EC17002D7A25 /* RickAndMorty-SwiftUI-MVVM */;
			targetProxy = 90EA512E2CB2EC18002D7A25 /* PBXContainerItemProxy */;
		};
/* End PBXTargetDependency section */

/* Begin XCBuildConfiguration section */
		90EA51352CB2EC18002D7A25 /* Debug */ = {
			isa = XCBuildConfiguration;
			buildSettings = {
				ALWAYS_SEARCH_USER_PATHS = NO;
				ASSETCATALOG_COMPILER_GENERATE_SWIFT_ASSET_SYMBOL_EXTENSIONS = YES;
				CLANG_ANALYZER_NONNULL = YES;
				CLANG_ANALYZER_NUMBER_OBJECT_CONVERSION = YES_AGGRESSIVE;
				CLANG_CXX_LANGUAGE_STANDARD = "gnu++20";
				CLANG_ENABLE_MODULES = YES;
				CLANG_ENABLE_OBJC_ARC = YES;
				CLANG_ENABLE_OBJC_WEAK = YES;
				CLANG_WARN_BLOCK_CAPTURE_AUTORELEASING = YES;
				CLANG_WARN_BOOL_CONVERSION = YES;
				CLANG_WARN_COMMA = YES;
				CLANG_WARN_CONSTANT_CONVERSION = YES;
				CLANG_WARN_DEPRECATED_OBJC_IMPLEMENTATIONS = YES;
				CLANG_WARN_DIRECT_OBJC_ISA_USAGE = YES_ERROR;
				CLANG_WARN_DOCUMENTATION_COMMENTS = YES;
				CLANG_WARN_EMPTY_BODY = YES;
				CLANG_WARN_ENUM_CONVERSION = YES;
				CLANG_WARN_INFINITE_RECURSION = YES;
				CLANG_WARN_INT_CONVERSION = YES;
				CLANG_WARN_NON_LITERAL_NULL_CONVERSION = YES;
				CLANG_WARN_OBJC_IMPLICIT_RETAIN_SELF = YES;
				CLANG_WARN_OBJC_LITERAL_CONVERSION = YES;
				CLANG_WARN_OBJC_ROOT_CLASS = YES_ERROR;
				CLANG_WARN_QUOTED_INCLUDE_IN_FRAMEWORK_HEADER = YES;
				CLANG_WARN_RANGE_LOOP_ANALYSIS = YES;
				CLANG_WARN_STRICT_PROTOTYPES = YES;
				CLANG_WARN_SUSPICIOUS_MOVE = YES;
				CLANG_WARN_UNGUARDED_AVAILABILITY = YES_AGGRESSIVE;
				CLANG_WARN_UNREACHABLE_CODE = YES;
				CLANG_WARN__DUPLICATE_METHOD_MATCH = YES;
				COPY_PHASE_STRIP = NO;
				DEBUG_INFORMATION_FORMAT = dwarf;
				ENABLE_STRICT_OBJC_MSGSEND = YES;
				ENABLE_TESTABILITY = YES;
				ENABLE_USER_SCRIPT_SANDBOXING = YES;
				GCC_C_LANGUAGE_STANDARD = gnu17;
				GCC_DYNAMIC_NO_PIC = NO;
				GCC_NO_COMMON_BLOCKS = YES;
				GCC_OPTIMIZATION_LEVEL = 0;
				GCC_PREPROCESSOR_DEFINITIONS = (
					"DEBUG=1",
					"$(inherited)",
				);
				GCC_WARN_64_TO_32_BIT_CONVERSION = YES;
				GCC_WARN_ABOUT_RETURN_TYPE = YES_ERROR;
				GCC_WARN_UNDECLARED_SELECTOR = YES;
				GCC_WARN_UNINITIALIZED_AUTOS = YES_AGGRESSIVE;
				GCC_WARN_UNUSED_FUNCTION = YES;
				GCC_WARN_UNUSED_VARIABLE = YES;
				IPHONEOS_DEPLOYMENT_TARGET = 18.0;
				LOCALIZATION_PREFERS_STRING_CATALOGS = YES;
				MTL_ENABLE_DEBUG_INFO = INCLUDE_SOURCE;
				MTL_FAST_MATH = YES;
				ONLY_ACTIVE_ARCH = YES;
				SDKROOT = iphoneos;
				SWIFT_ACTIVE_COMPILATION_CONDITIONS = "DEBUG $(inherited)";
				SWIFT_OPTIMIZATION_LEVEL = "-Onone";
			};
			name = Debug;
		};
		90EA51362CB2EC18002D7A25 /* Release */ = {
			isa = XCBuildConfiguration;
			buildSettings = {
				ALWAYS_SEARCH_USER_PATHS = NO;
				ASSETCATALOG_COMPILER_GENERATE_SWIFT_ASSET_SYMBOL_EXTENSIONS = YES;
				CLANG_ANALYZER_NONNULL = YES;
				CLANG_ANALYZER_NUMBER_OBJECT_CONVERSION = YES_AGGRESSIVE;
				CLANG_CXX_LANGUAGE_STANDARD = "gnu++20";
				CLANG_ENABLE_MODULES = YES;
				CLANG_ENABLE_OBJC_ARC = YES;
				CLANG_ENABLE_OBJC_WEAK = YES;
				CLANG_WARN_BLOCK_CAPTURE_AUTORELEASING = YES;
				CLANG_WARN_BOOL_CONVERSION = YES;
				CLANG_WARN_COMMA = YES;
				CLANG_WARN_CONSTANT_CONVERSION = YES;
				CLANG_WARN_DEPRECATED_OBJC_IMPLEMENTATIONS = YES;
				CLANG_WARN_DIRECT_OBJC_ISA_USAGE = YES_ERROR;
				CLANG_WARN_DOCUMENTATION_COMMENTS = YES;
				CLANG_WARN_EMPTY_BODY = YES;
				CLANG_WARN_ENUM_CONVERSION = YES;
				CLANG_WARN_INFINITE_RECURSION = YES;
				CLANG_WARN_INT_CONVERSION = YES;
				CLANG_WARN_NON_LITERAL_NULL_CONVERSION = YES;
				CLANG_WARN_OBJC_IMPLICIT_RETAIN_SELF = YES;
				CLANG_WARN_OBJC_LITERAL_CONVERSION = YES;
				CLANG_WARN_OBJC_ROOT_CLASS = YES_ERROR;
				CLANG_WARN_QUOTED_INCLUDE_IN_FRAMEWORK_HEADER = YES;
				CLANG_WARN_RANGE_LOOP_ANALYSIS = YES;
				CLANG_WARN_STRICT_PROTOTYPES = YES;
				CLANG_WARN_SUSPICIOUS_MOVE = YES;
				CLANG_WARN_UNGUARDED_AVAILABILITY = YES_AGGRESSIVE;
				CLANG_WARN_UNREACHABLE_CODE = YES;
				CLANG_WARN__DUPLICATE_METHOD_MATCH = YES;
				COPY_PHASE_STRIP = NO;
				DEBUG_INFORMATION_FORMAT = "dwarf-with-dsym";
				ENABLE_NS_ASSERTIONS = NO;
				ENABLE_STRICT_OBJC_MSGSEND = YES;
				ENABLE_USER_SCRIPT_SANDBOXING = YES;
				GCC_C_LANGUAGE_STANDARD = gnu17;
				GCC_NO_COMMON_BLOCKS = YES;
				GCC_WARN_64_TO_32_BIT_CONVERSION = YES;
				GCC_WARN_ABOUT_RETURN_TYPE = YES_ERROR;
				GCC_WARN_UNDECLARED_SELECTOR = YES;
				GCC_WARN_UNINITIALIZED_AUTOS = YES_AGGRESSIVE;
				GCC_WARN_UNUSED_FUNCTION = YES;
				GCC_WARN_UNUSED_VARIABLE = YES;
				IPHONEOS_DEPLOYMENT_TARGET = 18.0;
				LOCALIZATION_PREFERS_STRING_CATALOGS = YES;
				MTL_ENABLE_DEBUG_INFO = NO;
				MTL_FAST_MATH = YES;
				SDKROOT = iphoneos;
				SWIFT_COMPILATION_MODE = wholemodule;
				VALIDATE_PRODUCT = YES;
			};
			name = Release;
		};
		90EA51382CB2EC18002D7A25 /* Debug */ = {
			isa = XCBuildConfiguration;
			buildSettings = {
				ASSETCATALOG_COMPILER_APPICON_NAME = AppIcon;
				ASSETCATALOG_COMPILER_GLOBAL_ACCENT_COLOR_NAME = AccentColor;
				CODE_SIGN_STYLE = Automatic;
				CURRENT_PROJECT_VERSION = 1;
				DEVELOPMENT_ASSET_PATHS = "\"RickAndMorty-SwiftUI-MVVM/Preview Content\"";
				ENABLE_PREVIEWS = YES;
				GENERATE_INFOPLIST_FILE = YES;
				INFOPLIST_KEY_UIApplicationSceneManifest_Generation = YES;
				INFOPLIST_KEY_UIApplicationSupportsIndirectInputEvents = YES;
				INFOPLIST_KEY_UILaunchScreen_Generation = YES;
				INFOPLIST_KEY_UISupportedInterfaceOrientations_iPad = "UIInterfaceOrientationPortrait UIInterfaceOrientationPortraitUpsideDown UIInterfaceOrientationLandscapeLeft UIInterfaceOrientationLandscapeRight";
				INFOPLIST_KEY_UISupportedInterfaceOrientations_iPhone = "UIInterfaceOrientationPortrait UIInterfaceOrientationLandscapeLeft UIInterfaceOrientationLandscapeRight";
				LD_RUNPATH_SEARCH_PATHS = (
					"$(inherited)",
					"@executable_path/Frameworks",
				);
				MARKETING_VERSION = 1.0;
				PRODUCT_BUNDLE_IDENTIFIER = "my.wheel.reinvented.RickAndMorty-SwiftUI-MVVM";
				PRODUCT_NAME = "$(TARGET_NAME)";
				SWIFT_EMIT_LOC_STRINGS = YES;
				SWIFT_VERSION = 5.0;
				TARGETED_DEVICE_FAMILY = "1,2";
			};
			name = Debug;
		};
		90EA51392CB2EC18002D7A25 /* Release */ = {
			isa = XCBuildConfiguration;
			buildSettings = {
				ASSETCATALOG_COMPILER_APPICON_NAME = AppIcon;
				ASSETCATALOG_COMPILER_GLOBAL_ACCENT_COLOR_NAME = AccentColor;
				CODE_SIGN_STYLE = Automatic;
				CURRENT_PROJECT_VERSION = 1;
				DEVELOPMENT_ASSET_PATHS = "\"RickAndMorty-SwiftUI-MVVM/Preview Content\"";
				ENABLE_PREVIEWS = YES;
				GENERATE_INFOPLIST_FILE = YES;
				INFOPLIST_KEY_UIApplicationSceneManifest_Generation = YES;
				INFOPLIST_KEY_UIApplicationSupportsIndirectInputEvents = YES;
				INFOPLIST_KEY_UILaunchScreen_Generation = YES;
				INFOPLIST_KEY_UISupportedInterfaceOrientations_iPad = "UIInterfaceOrientationPortrait UIInterfaceOrientationPortraitUpsideDown UIInterfaceOrientationLandscapeLeft UIInterfaceOrientationLandscapeRight";
				INFOPLIST_KEY_UISupportedInterfaceOrientations_iPhone = "UIInterfaceOrientationPortrait UIInterfaceOrientationLandscapeLeft UIInterfaceOrientationLandscapeRight";
				LD_RUNPATH_SEARCH_PATHS = (
					"$(inherited)",
					"@executable_path/Frameworks",
				);
				MARKETING_VERSION = 1.0;
				PRODUCT_BUNDLE_IDENTIFIER = "my.wheel.reinvented.RickAndMorty-SwiftUI-MVVM";
				PRODUCT_NAME = "$(TARGET_NAME)";
				SWIFT_EMIT_LOC_STRINGS = YES;
				SWIFT_VERSION = 5.0;
				TARGETED_DEVICE_FAMILY = "1,2";
			};
			name = Release;
		};
		90EA513B2CB2EC18002D7A25 /* Debug */ = {
			isa = XCBuildConfiguration;
			buildSettings = {
				BUNDLE_LOADER = "$(TEST_HOST)";
				CODE_SIGN_STYLE = Automatic;
				CURRENT_PROJECT_VERSION = 1;
				GENERATE_INFOPLIST_FILE = YES;
				IPHONEOS_DEPLOYMENT_TARGET = 18.0;
				MARKETING_VERSION = 1.0;
				PRODUCT_BUNDLE_IDENTIFIER = "my.wheel.reinvented.RickAndMorty-SwiftUI-MVVMTests";
				PRODUCT_NAME = "$(TARGET_NAME)";
				SWIFT_EMIT_LOC_STRINGS = NO;
				SWIFT_VERSION = 5.0;
				TARGETED_DEVICE_FAMILY = "1,2";
				TEST_HOST = "$(BUILT_PRODUCTS_DIR)/RickAndMorty-SwiftUI-MVVM.app/$(BUNDLE_EXECUTABLE_FOLDER_PATH)/RickAndMorty-SwiftUI-MVVM";
			};
			name = Debug;
		};
		90EA513C2CB2EC18002D7A25 /* Release */ = {
			isa = XCBuildConfiguration;
			buildSettings = {
				BUNDLE_LOADER = "$(TEST_HOST)";
				CODE_SIGN_STYLE = Automatic;
				CURRENT_PROJECT_VERSION = 1;
				GENERATE_INFOPLIST_FILE = YES;
				IPHONEOS_DEPLOYMENT_TARGET = 18.0;
				MARKETING_VERSION = 1.0;
				PRODUCT_BUNDLE_IDENTIFIER = "my.wheel.reinvented.RickAndMorty-SwiftUI-MVVMTests";
				PRODUCT_NAME = "$(TARGET_NAME)";
				SWIFT_EMIT_LOC_STRINGS = NO;
				SWIFT_VERSION = 5.0;
				TARGETED_DEVICE_FAMILY = "1,2";
				TEST_HOST = "$(BUILT_PRODUCTS_DIR)/RickAndMorty-SwiftUI-MVVM.app/$(BUNDLE_EXECUTABLE_FOLDER_PATH)/RickAndMorty-SwiftUI-MVVM";
			};
			name = Release;
		};
		90EA513E2CB2EC18002D7A25 /* Debug */ = {
			isa = XCBuildConfiguration;
			buildSettings = {
				CODE_SIGN_STYLE = Automatic;
				CURRENT_PROJECT_VERSION = 1;
				GENERATE_INFOPLIST_FILE = YES;
				MARKETING_VERSION = 1.0;
				PRODUCT_BUNDLE_IDENTIFIER = "my.wheel.reinvented.RickAndMorty-SwiftUI-MVVMUITests";
				PRODUCT_NAME = "$(TARGET_NAME)";
				SWIFT_EMIT_LOC_STRINGS = NO;
				SWIFT_VERSION = 5.0;
				TARGETED_DEVICE_FAMILY = "1,2";
				TEST_TARGET_NAME = "RickAndMorty-SwiftUI-MVVM";
			};
			name = Debug;
		};
		90EA513F2CB2EC18002D7A25 /* Release */ = {
			isa = XCBuildConfiguration;
			buildSettings = {
				CODE_SIGN_STYLE = Automatic;
				CURRENT_PROJECT_VERSION = 1;
				GENERATE_INFOPLIST_FILE = YES;
				MARKETING_VERSION = 1.0;
				PRODUCT_BUNDLE_IDENTIFIER = "my.wheel.reinvented.RickAndMorty-SwiftUI-MVVMUITests";
				PRODUCT_NAME = "$(TARGET_NAME)";
				SWIFT_EMIT_LOC_STRINGS = NO;
				SWIFT_VERSION = 5.0;
				TARGETED_DEVICE_FAMILY = "1,2";
				TEST_TARGET_NAME = "RickAndMorty-SwiftUI-MVVM";
			};
			name = Release;
		};
/* End XCBuildConfiguration section */

/* Begin XCConfigurationList section */
		90EA510E2CB2EC17002D7A25 /* Build configuration list for PBXProject "RickAndMorty-SwiftUI-MVVM" */ = {
			isa = XCConfigurationList;
			buildConfigurations = (
				90EA51352CB2EC18002D7A25 /* Debug */,
				90EA51362CB2EC18002D7A25 /* Release */,
			);
			defaultConfigurationIsVisible = 0;
			defaultConfigurationName = Release;
		};
		90EA51372CB2EC18002D7A25 /* Build configuration list for PBXNativeTarget "RickAndMorty-SwiftUI-MVVM" */ = {
			isa = XCConfigurationList;
			buildConfigurations = (
				90EA51382CB2EC18002D7A25 /* Debug */,
				90EA51392CB2EC18002D7A25 /* Release */,
			);
			defaultConfigurationIsVisible = 0;
			defaultConfigurationName = Release;
		};
		90EA513A2CB2EC18002D7A25 /* Build configuration list for PBXNativeTarget "RickAndMorty-SwiftUI-MVVMTests" */ = {
			isa = XCConfigurationList;
			buildConfigurations = (
				90EA513B2CB2EC18002D7A25 /* Debug */,
				90EA513C2CB2EC18002D7A25 /* Release */,
			);
			defaultConfigurationIsVisible = 0;
			defaultConfigurationName = Release;
		};
		90EA513D2CB2EC18002D7A25 /* Build configuration list for PBXNativeTarget "RickAndMorty-SwiftUI-MVVMUITests" */ = {
			isa = XCConfigurationList;
			buildConfigurations = (
				90EA513E2CB2EC18002D7A25 /* Debug */,
				90EA513F2CB2EC18002D7A25 /* Release */,
			);
			defaultConfigurationIsVisible = 0;
			defaultConfigurationName = Release;
		};
/* End XCConfigurationList section */
	};
	rootObject = 90EA510B2CB2EC17002D7A25 /* Project object */;
}
